
Microsoft Visual Studio Solution File, Format Version 12.00
# Visual Studio Version 17
VisualStudioVersion = 17.11.35312.102
MinimumVisualStudioVersion = 10.0.40219.1
Project("{8BC9CEB8-8B4A-11D0-8D11-00A0C91BC942}") = "Test_PVZ", "Test_PVZ\Test_PVZ.vcxproj", "{03BE03A7-AE53-4B97-83AC-316A4573D8C5}"
EndProject
Project("{8BC9CEB8-8B4A-11D0-8D11-00A0C91BC942}") = "Cell", "Cell\Cell.vcxproj", "{0B8C7DB5-E277-491D-B9DE-514930DB5763}"
EndProject
Project("{8BC9CEB8-8B4A-11D0-8D11-00A0C91BC942}") = "Product", "Product\Product.vcxproj", "{1567D9E8-8057-4B12-B3DA-9DAB972B05A9}"
EndProject
Project("{8BC9CEB8-8B4A-11D0-8D11-00A0C91BC942}") = "Date", "Date\Date.vcxproj", "{7C436900-792E-4B35-BFDA-7BD60D63C62D}"
EndProject
Project("{8BC9CEB8-8B4A-11D0-8D11-00A0C91BC942}") = "Address", "Address\Address.vcxproj", "{D4BDE3A3-EBEE-4A33-87AD-D1DCA42C4517}"
EndProject
Project("{8BC9CEB8-8B4A-11D0-8D11-00A0C91BC942}") = "Worker", "Worker\Worker.vcxproj", "{2D4E3332-FDD9-4CF6-985A-9C45880FF1B8}"
EndProject
Project("{8BC9CEB8-8B4A-11D0-8D11-00A0C91BC942}") = "FIO", "FIO\FIO.vcxproj", "{97780F64-D925-47BE-B35D-DDDCC9C7B9F4}"
EndProject
Project("{8BC9CEB8-8B4A-11D0-8D11-00A0C91BC942}") = "TVector", "TVector\TVector.vcxproj", "{036B64A5-9F03-4728-BD50-5B5F64214C34}"
EndProject
Project("{8BC9CEB8-8B4A-11D0-8D11-00A0C91BC942}") = "OzonLoginWindow", "OzonLoginWindow\OzonLoginWindow.vcxproj", "{043C6A36-8D4C-4C6E-BE94-4C7ABA8D8916}"
EndProject
Project("{8BC9CEB8-8B4A-11D0-8D11-00A0C91BC942}") = "OzonMainWindow", "OzonMainWindow\OzonMainWindow.vcxproj", "{65CABEB8-2427-4070-85F4-5DB53A2A3500}"
EndProject
Project("{8BC9CEB8-8B4A-11D0-8D11-00A0C91BC942}") = "OzonReturnWindow", "OzonReturnWindow\OzonReturnWindow.vcxproj", "{1B978562-696C-458A-9EFC-C66A560BB382}"
EndProject
Global
	GlobalSection(SolutionConfigurationPlatforms) = preSolution
		Debug|x64 = Debug|x64
		Debug|x86 = Debug|x86
		Release|x64 = Release|x64
		Release|x86 = Release|x86
	EndGlobalSection
	GlobalSection(ProjectConfigurationPlatforms) = postSolution
		{03BE03A7-AE53-4B97-83AC-316A4573D8C5}.Debug|x64.ActiveCfg = Debug|x64
		{03BE03A7-AE53-4B97-83AC-316A4573D8C5}.Debug|x64.Build.0 = Debug|x64
		{03BE03A7-AE53-4B97-83AC-316A4573D8C5}.Debug|x86.ActiveCfg = Debug|Win32
		{03BE03A7-AE53-4B97-83AC-316A4573D8C5}.Debug|x86.Build.0 = Debug|Win32
		{03BE03A7-AE53-4B97-83AC-316A4573D8C5}.Release|x64.ActiveCfg = Release|x64
		{03BE03A7-AE53-4B97-83AC-316A4573D8C5}.Release|x64.Build.0 = Release|x64
		{03BE03A7-AE53-4B97-83AC-316A4573D8C5}.Release|x86.ActiveCfg = Release|Win32
		{03BE03A7-AE53-4B97-83AC-316A4573D8C5}.Release|x86.Build.0 = Release|Win32
		{0B8C7DB5-E277-491D-B9DE-514930DB5763}.Debug|x64.ActiveCfg = Debug|x64
		{0B8C7DB5-E277-491D-B9DE-514930DB5763}.Debug|x64.Build.0 = Debug|x64
		{0B8C7DB5-E277-491D-B9DE-514930DB5763}.Debug|x86.ActiveCfg = Debug|Win32
		{0B8C7DB5-E277-491D-B9DE-514930DB5763}.Debug|x86.Build.0 = Debug|Win32
		{0B8C7DB5-E277-491D-B9DE-514930DB5763}.Release|x64.ActiveCfg = Release|x64
		{0B8C7DB5-E277-491D-B9DE-514930DB5763}.Release|x64.Build.0 = Release|x64
		{0B8C7DB5-E277-491D-B9DE-514930DB5763}.Release|x86.ActiveCfg = Release|Win32
		{0B8C7DB5-E277-491D-B9DE-514930DB5763}.Release|x86.Build.0 = Release|Win32
		{1567D9E8-8057-4B12-B3DA-9DAB972B05A9}.Debug|x64.ActiveCfg = Debug|x64
		{1567D9E8-8057-4B12-B3DA-9DAB972B05A9}.Debug|x64.Build.0 = Debug|x64
		{1567D9E8-8057-4B12-B3DA-9DAB972B05A9}.Debug|x86.ActiveCfg = Debug|Win32
		{1567D9E8-8057-4B12-B3DA-9DAB972B05A9}.Debug|x86.Build.0 = Debug|Win32
		{1567D9E8-8057-4B12-B3DA-9DAB972B05A9}.Release|x64.ActiveCfg = Release|x64
		{1567D9E8-8057-4B12-B3DA-9DAB972B05A9}.Release|x64.Build.0 = Release|x64
		{1567D9E8-8057-4B12-B3DA-9DAB972B05A9}.Release|x86.ActiveCfg = Release|Win32
		{1567D9E8-8057-4B12-B3DA-9DAB972B05A9}.Release|x86.Build.0 = Release|Win32
		{7C436900-792E-4B35-BFDA-7BD60D63C62D}.Debug|x64.ActiveCfg = Debug|x64
		{7C436900-792E-4B35-BFDA-7BD60D63C62D}.Debug|x64.Build.0 = Debug|x64
		{7C436900-792E-4B35-BFDA-7BD60D63C62D}.Debug|x86.ActiveCfg = Debug|Win32
		{7C436900-792E-4B35-BFDA-7BD60D63C62D}.Debug|x86.Build.0 = Debug|Win32
		{7C436900-792E-4B35-BFDA-7BD60D63C62D}.Release|x64.ActiveCfg = Release|x64
		{7C436900-792E-4B35-BFDA-7BD60D63C62D}.Release|x64.Build.0 = Release|x64
		{7C436900-792E-4B35-BFDA-7BD60D63C62D}.Release|x86.ActiveCfg = Release|Win32
		{7C436900-792E-4B35-BFDA-7BD60D63C62D}.Release|x86.Build.0 = Release|Win32
		{D4BDE3A3-EBEE-4A33-87AD-D1DCA42C4517}.Debug|x64.ActiveCfg = Debug|x64
		{D4BDE3A3-EBEE-4A33-87AD-D1DCA42C4517}.Debug|x64.Build.0 = Debug|x64
		{D4BDE3A3-EBEE-4A33-87AD-D1DCA42C4517}.Debug|x86.ActiveCfg = Debug|Win32
		{D4BDE3A3-EBEE-4A33-87AD-D1DCA42C4517}.Debug|x86.Build.0 = Debug|Win32
		{D4BDE3A3-EBEE-4A33-87AD-D1DCA42C4517}.Release|x64.ActiveCfg = Release|x64
		{D4BDE3A3-EBEE-4A33-87AD-D1DCA42C4517}.Release|x64.Build.0 = Release|x64
		{D4BDE3A3-EBEE-4A33-87AD-D1DCA42C4517}.Release|x86.ActiveCfg = Release|Win32
		{D4BDE3A3-EBEE-4A33-87AD-D1DCA42C4517}.Release|x86.Build.0 = Release|Win32
		{2D4E3332-FDD9-4CF6-985A-9C45880FF1B8}.Debug|x64.ActiveCfg = Debug|x64
		{2D4E3332-FDD9-4CF6-985A-9C45880FF1B8}.Debug|x64.Build.0 = Debug|x64
		{2D4E3332-FDD9-4CF6-985A-9C45880FF1B8}.Debug|x86.ActiveCfg = Debug|Win32
		{2D4E3332-FDD9-4CF6-985A-9C45880FF1B8}.Debug|x86.Build.0 = Debug|Win32
		{2D4E3332-FDD9-4CF6-985A-9C45880FF1B8}.Release|x64.ActiveCfg = Release|x64
		{2D4E3332-FDD9-4CF6-985A-9C45880FF1B8}.Release|x64.Build.0 = Release|x64
		{2D4E3332-FDD9-4CF6-985A-9C45880FF1B8}.Release|x86.ActiveCfg = Release|Win32
		{2D4E3332-FDD9-4CF6-985A-9C45880FF1B8}.Release|x86.Build.0 = Release|Win32
		{97780F64-D925-47BE-B35D-DDDCC9C7B9F4}.Debug|x64.ActiveCfg = Debug|x64
		{97780F64-D925-47BE-B35D-DDDCC9C7B9F4}.Debug|x64.Build.0 = Debug|x64
		{97780F64-D925-47BE-B35D-DDDCC9C7B9F4}.Debug|x86.ActiveCfg = Debug|Win32
		{97780F64-D925-47BE-B35D-DDDCC9C7B9F4}.Debug|x86.Build.0 = Debug|Win32
		{97780F64-D925-47BE-B35D-DDDCC9C7B9F4}.Release|x64.ActiveCfg = Release|x64
		{97780F64-D925-47BE-B35D-DDDCC9C7B9F4}.Release|x64.Build.0 = Release|x64
		{97780F64-D925-47BE-B35D-DDDCC9C7B9F4}.Release|x86.ActiveCfg = Release|Win32
		{97780F64-D925-47BE-B35D-DDDCC9C7B9F4}.Release|x86.Build.0 = Release|Win32
		{036B64A5-9F03-4728-BD50-5B5F64214C34}.Debug|x64.ActiveCfg = Debug|x64
		{036B64A5-9F03-4728-BD50-5B5F64214C34}.Debug|x64.Build.0 = Debug|x64
		{036B64A5-9F03-4728-BD50-5B5F64214C34}.Debug|x86.ActiveCfg = Debug|Win32
		{036B64A5-9F03-4728-BD50-5B5F64214C34}.Debug|x86.Build.0 = Debug|Win32
		{036B64A5-9F03-4728-BD50-5B5F64214C34}.Release|x64.ActiveCfg = Release|x64
		{036B64A5-9F03-4728-BD50-5B5F64214C34}.Release|x64.Build.0 = Release|x64
		{036B64A5-9F03-4728-BD50-5B5F64214C34}.Release|x86.ActiveCfg = Release|Win32
		{036B64A5-9F03-4728-BD50-5B5F64214C34}.Release|x86.Build.0 = Release|Win32
		{043C6A36-8D4C-4C6E-BE94-4C7ABA8D8916}.Debug|x64.ActiveCfg = Debug|x64
		{043C6A36-8D4C-4C6E-BE94-4C7ABA8D8916}.Debug|x64.Build.0 = Debug|x64
		{043C6A36-8D4C-4C6E-BE94-4C7ABA8D8916}.Debug|x86.ActiveCfg = Debug|Win32
		{043C6A36-8D4C-4C6E-BE94-4C7ABA8D8916}.Debug|x86.Build.0 = Debug|Win32
		{043C6A36-8D4C-4C6E-BE94-4C7ABA8D8916}.Release|x64.ActiveCfg = Release|x64
		{043C6A36-8D4C-4C6E-BE94-4C7ABA8D8916}.Release|x64.Build.0 = Release|x64
		{043C6A36-8D4C-4C6E-BE94-4C7ABA8D8916}.Release|x86.ActiveCfg = Release|Win32
		{043C6A36-8D4C-4C6E-BE94-4C7ABA8D8916}.Release|x86.Build.0 = Release|Win32
		{65CABEB8-2427-4070-85F4-5DB53A2A3500}.Debug|x64.ActiveCfg = Debug|x64
		{65CABEB8-2427-4070-85F4-5DB53A2A3500}.Debug|x64.Build.0 = Debug|x64
		{65CABEB8-2427-4070-85F4-5DB53A2A3500}.Debug|x86.ActiveCfg = Debug|Win32
		{65CABEB8-2427-4070-85F4-5DB53A2A3500}.Debug|x86.Build.0 = Debug|Win32
		{65CABEB8-2427-4070-85F4-5DB53A2A3500}.Release|x64.ActiveCfg = Release|x64
		{65CABEB8-2427-4070-85F4-5DB53A2A3500}.Release|x64.Build.0 = Release|x64
		{65CABEB8-2427-4070-85F4-5DB53A2A3500}.Release|x86.ActiveCfg = Release|Win32
		{65CABEB8-2427-4070-85F4-5DB53A2A3500}.Release|x86.Build.0 = Release|Win32
		{1B978562-696C-458A-9EFC-C66A560BB382}.Debug|x64.ActiveCfg = Debug|x64
		{1B978562-696C-458A-9EFC-C66A560BB382}.Debug|x64.Build.0 = Debug|x64
		{1B978562-696C-458A-9EFC-C66A560BB382}.Debug|x86.ActiveCfg = Debug|Win32
		{1B978562-696C-458A-9EFC-C66A560BB382}.Debug|x86.Build.0 = Debug|Win32
		{1B978562-696C-458A-9EFC-C66A560BB382}.Release|x64.ActiveCfg = Release|x64
		{1B978562-696C-458A-9EFC-C66A560BB382}.Release|x64.Build.0 = Release|x64
		{1B978562-696C-458A-9EFC-C66A560BB382}.Release|x86.ActiveCfg = Release|Win32
		{1B978562-696C-458A-9EFC-C66A560BB382}.Release|x86.Build.0 = Release|Win32
	EndGlobalSection
	GlobalSection(SolutionProperties) = preSolution
		HideSolutionNode = FALSE
	EndGlobalSection
	GlobalSection(ExtensibilityGlobals) = postSolution
		SolutionGuid = {E34D9789-294D-4711-8AEC-41A3A61BD887}
	EndGlobalSection
EndGlobal
